
Microsoft Visual Studio Solution File, Format Version 12.00
# Visual Studio Version 16
VisualStudioVersion = 16.0.32802.440
MinimumVisualStudioVersion = 10.0.40219.1
Project("{8BC9CEB8-8B4A-11D0-8D11-00A0C91BC942}") = "Example11.14", "Example11.14.vcxproj", "{745E4C62-3189-4404-B7F0-A4D7FF9608DB}"
EndProject
Global
	GlobalSection(SolutionConfigurationPlatforms) = preSolution
		Debug|x64 = Debug|x64
		Debug|x86 = Debug|x86
		Release|x64 = Release|x64
		Release|x86 = Release|x86
	EndGlobalSection
	GlobalSection(ProjectConfigurationPlatforms) = postSolution
		{745E4C62-3189-4404-B7F0-A4D7FF9608DB}.Debug|x64.ActiveCfg = Debug|x64
		{745E4C62-3189-4404-B7F0-A4D7FF9608DB}.Debug|x64.Build.0 = Debug|x64
		{745E4C62-3189-4404-B7F0-A4D7FF9608DB}.Debug|x86.ActiveCfg = Debug|Win32
		{745E4C62-3189-4404-B7F0-A4D7FF9608DB}.Debug|x86.Build.0 = Debug|Win32
		{745E4C62-3189-4404-B7F0-A4D7FF9608DB}.Release|x64.ActiveCfg = Release|x64
		{745E4C62-3189-4404-B7F0-A4D7FF9608DB}.Release|x64.Build.0 = Release|x64
		{745E4C62-3189-4404-B7F0-A4D7FF9608DB}.Release|x86.ActiveCfg = Release|Win32
		{745E4C62-3189-4404-B7F0-A4D7FF9608DB}.Release|x86.Build.0 = Release|Win32
	EndGlobalSection
	GlobalSection(SolutionProperties) = preSolution
		HideSolutionNode = FALSE
	EndGlobalSection
	GlobalSection(ExtensibilityGlobals) = postSolution
		SolutionGuid = {913C6CCF-37B2-4364-92D1-912DE1797C1F}
	EndGlobalSection
EndGlobal
